
Microsoft Visual Studio Solution File, Format Version 12.00
# Visual Studio 15
Project("{FAE04EC0-301F-11D3-BF4B-00C04F79EFBC}") = "Api", "Api\Api.csproj", "{2FD2041E-DA25-4A2D-A378-F638D9D4F246}"
EndProject
Project("{FAE04EC0-301F-11D3-BF4B-00C04F79EFBC}") = "Service", "Service\Service.csproj", "{D66093C3-5C62-4CFF-8438-FE5F5418FC2D}"
EndProject
Project("{FAE04EC0-301F-11D3-BF4B-00C04F79EFBC}") = "Data", "Data\Data.csproj", "{E2A799D4-A7A4-4A3F-AA1A-25BD5A9B119D}"
EndProject
Global
	GlobalSection(SolutionConfigurationPlatforms) = preSolution
		Debug|Any CPU = Debug|Any CPU
		Release|Any CPU = Release|Any CPU
	EndGlobalSection
	GlobalSection(ProjectConfigurationPlatforms) = postSolution
		{2FD2041E-DA25-4A2D-A378-F638D9D4F246}.Debug|Any CPU.ActiveCfg = Debug|Any CPU
		{2FD2041E-DA25-4A2D-A378-F638D9D4F246}.Debug|Any CPU.Build.0 = Debug|Any CPU
		{2FD2041E-DA25-4A2D-A378-F638D9D4F246}.Release|Any CPU.ActiveCfg = Release|Any CPU
		{2FD2041E-DA25-4A2D-A378-F638D9D4F246}.Release|Any CPU.Build.0 = Release|Any CPU
		{D66093C3-5C62-4CFF-8438-FE5F5418FC2D}.Debug|Any CPU.ActiveCfg = Debug|Any CPU
		{D66093C3-5C62-4CFF-8438-FE5F5418FC2D}.Debug|Any CPU.Build.0 = Debug|Any CPU
		{D66093C3-5C62-4CFF-8438-FE5F5418FC2D}.Release|Any CPU.ActiveCfg = Release|Any CPU
		{D66093C3-5C62-4CFF-8438-FE5F5418FC2D}.Release|Any CPU.Build.0 = Release|Any CPU
		{E2A799D4-A7A4-4A3F-AA1A-25BD5A9B119D}.Debug|Any CPU.ActiveCfg = Debug|Any CPU
		{E2A799D4-A7A4-4A3F-AA1A-25BD5A9B119D}.Debug|Any CPU.Build.0 = Debug|Any CPU
		{E2A799D4-A7A4-4A3F-AA1A-25BD5A9B119D}.Release|Any CPU.ActiveCfg = Release|Any CPU
		{E2A799D4-A7A4-4A3F-AA1A-25BD5A9B119D}.Release|Any CPU.Build.0 = Release|Any CPU
	EndGlobalSection
EndGlobal
